
Microsoft Visual Studio Solution File, Format Version 12.00
# Visual Studio 15
VisualStudioVersion = 15.0.27004.2009
MinimumVisualStudioVersion = 10.0.40219.1
Project("{FAE04EC0-301F-11D3-BF4B-00C04F79EFBC}") = "MCup.Android", "MCup\MCup.Android\MCup.Android.csproj", "{46466ACE-91F0-4792-B194-8726C8C226A7}"
EndProject
Project("{FAE04EC0-301F-11D3-BF4B-00C04F79EFBC}") = "MCup", "MCup\MCup\MCup.csproj", "{150466E9-1232-4BC5-B6C9-53249CCF5E95}"
EndProject
Project("{FAE04EC0-301F-11D3-BF4B-00C04F79EFBC}") = "MCup.UWP", "MCup\MCup.UWP\MCup.UWP.csproj", "{EEC0145A-87BC-4E09-A899-E80648DDC8AA}"
EndProject
Project("{FAE04EC0-301F-11D3-BF4B-00C04F79EFBC}") = "MCup.iOS", "MCup\MCup.iOS\MCup.iOS.csproj", "{7B7FAB19-057B-416B-AA07-8E303133028D}"
EndProject
Global
	GlobalSection(SolutionConfigurationPlatforms) = preSolution
		Ad-Hoc|Any CPU = Ad-Hoc|Any CPU
		Ad-Hoc|ARM = Ad-Hoc|ARM
		Ad-Hoc|iPhone = Ad-Hoc|iPhone
		Ad-Hoc|iPhoneSimulator = Ad-Hoc|iPhoneSimulator
		Ad-Hoc|x64 = Ad-Hoc|x64
		Ad-Hoc|x86 = Ad-Hoc|x86
		AppStore|Any CPU = AppStore|Any CPU
		AppStore|ARM = AppStore|ARM
		AppStore|iPhone = AppStore|iPhone
		AppStore|iPhoneSimulator = AppStore|iPhoneSimulator
		AppStore|x64 = AppStore|x64
		AppStore|x86 = AppStore|x86
		Debug|Any CPU = Debug|Any CPU
		Debug|ARM = Debug|ARM
		Debug|iPhone = Debug|iPhone
		Debug|iPhoneSimulator = Debug|iPhoneSimulator
		Debug|x64 = Debug|x64
		Debug|x86 = Debug|x86
		Release|Any CPU = Release|Any CPU
		Release|ARM = Release|ARM
		Release|iPhone = Release|iPhone
		Release|iPhoneSimulator = Release|iPhoneSimulator
		Release|x64 = Release|x64
		Release|x86 = Release|x86
	EndGlobalSection
	GlobalSection(ProjectConfigurationPlatforms) = postSolution
		{46466ACE-91F0-4792-B194-8726C8C226A7}.Ad-Hoc|Any CPU.ActiveCfg = Release|Any CPU
		{46466ACE-91F0-4792-B194-8726C8C226A7}.Ad-Hoc|Any CPU.Build.0 = Release|Any CPU
		{46466ACE-91F0-4792-B194-8726C8C226A7}.Ad-Hoc|Any CPU.Deploy.0 = Release|Any CPU
		{46466ACE-91F0-4792-B194-8726C8C226A7}.Ad-Hoc|ARM.ActiveCfg = Release|Any CPU
		{46466ACE-91F0-4792-B194-8726C8C226A7}.Ad-Hoc|ARM.Build.0 = Release|Any CPU
		{46466ACE-91F0-4792-B194-8726C8C226A7}.Ad-Hoc|ARM.Deploy.0 = Release|Any CPU
		{46466ACE-91F0-4792-B194-8726C8C226A7}.Ad-Hoc|iPhone.ActiveCfg = Release|Any CPU
		{46466ACE-91F0-4792-B194-8726C8C226A7}.Ad-Hoc|iPhone.Build.0 = Release|Any CPU
		{46466ACE-91F0-4792-B194-8726C8C226A7}.Ad-Hoc|iPhone.Deploy.0 = Release|Any CPU
		{46466ACE-91F0-4792-B194-8726C8C226A7}.Ad-Hoc|iPhoneSimulator.ActiveCfg = Release|Any CPU
		{46466ACE-91F0-4792-B194-8726C8C226A7}.Ad-Hoc|iPhoneSimulator.Build.0 = Release|Any CPU
		{46466ACE-91F0-4792-B194-8726C8C226A7}.Ad-Hoc|iPhoneSimulator.Deploy.0 = Release|Any CPU
		{46466ACE-91F0-4792-B194-8726C8C226A7}.Ad-Hoc|x64.ActiveCfg = Release|Any CPU
		{46466ACE-91F0-4792-B194-8726C8C226A7}.Ad-Hoc|x64.Build.0 = Release|Any CPU
		{46466ACE-91F0-4792-B194-8726C8C226A7}.Ad-Hoc|x64.Deploy.0 = Release|Any CPU
		{46466ACE-91F0-4792-B194-8726C8C226A7}.Ad-Hoc|x86.ActiveCfg = Release|Any CPU
		{46466ACE-91F0-4792-B194-8726C8C226A7}.Ad-Hoc|x86.Build.0 = Release|Any CPU
		{46466ACE-91F0-4792-B194-8726C8C226A7}.Ad-Hoc|x86.Deploy.0 = Release|Any CPU
		{46466ACE-91F0-4792-B194-8726C8C226A7}.AppStore|Any CPU.ActiveCfg = Release|Any CPU
		{46466ACE-91F0-4792-B194-8726C8C226A7}.AppStore|Any CPU.Build.0 = Release|Any CPU
		{46466ACE-91F0-4792-B194-8726C8C226A7}.AppStore|Any CPU.Deploy.0 = Release|Any CPU
		{46466ACE-91F0-4792-B194-8726C8C226A7}.AppStore|ARM.ActiveCfg = Release|Any CPU
		{46466ACE-91F0-4792-B194-8726C8C226A7}.AppStore|ARM.Build.0 = Release|Any CPU
		{46466ACE-91F0-4792-B194-8726C8C226A7}.AppStore|ARM.Deploy.0 = Release|Any CPU
		{46466ACE-91F0-4792-B194-8726C8C226A7}.AppStore|iPhone.ActiveCfg = Release|Any CPU
		{46466ACE-91F0-4792-B194-8726C8C226A7}.AppStore|iPhone.Build.0 = Release|Any CPU
		{46466ACE-91F0-4792-B194-8726C8C226A7}.AppStore|iPhone.Deploy.0 = Release|Any CPU
		{46466ACE-91F0-4792-B194-8726C8C226A7}.AppStore|iPhoneSimulator.ActiveCfg = Release|Any CPU
		{46466ACE-91F0-4792-B194-8726C8C226A7}.AppStore|iPhoneSimulator.Build.0 = Release|Any CPU
		{46466ACE-91F0-4792-B194-8726C8C226A7}.AppStore|iPhoneSimulator.Deploy.0 = Release|Any CPU
		{46466ACE-91F0-4792-B194-8726C8C226A7}.AppStore|x64.ActiveCfg = Release|Any CPU
		{46466ACE-91F0-4792-B194-8726C8C226A7}.AppStore|x64.Build.0 = Release|Any CPU
		{46466ACE-91F0-4792-B194-8726C8C226A7}.AppStore|x64.Deploy.0 = Release|Any CPU
		{46466ACE-91F0-4792-B194-8726C8C226A7}.AppStore|x86.ActiveCfg = Release|Any CPU
		{46466ACE-91F0-4792-B194-8726C8C226A7}.AppStore|x86.Build.0 = Release|Any CPU
		{46466ACE-91F0-4792-B194-8726C8C226A7}.AppStore|x86.Deploy.0 = Release|Any CPU
		{46466ACE-91F0-4792-B194-8726C8C226A7}.Debug|Any CPU.ActiveCfg = Debug|Any CPU
		{46466ACE-91F0-4792-B194-8726C8C226A7}.Debug|Any CPU.Build.0 = Debug|Any CPU
		{46466ACE-91F0-4792-B194-8726C8C226A7}.Debug|Any CPU.Deploy.0 = Debug|Any CPU
		{46466ACE-91F0-4792-B194-8726C8C226A7}.Debug|ARM.ActiveCfg = Debug|Any CPU
		{46466ACE-91F0-4792-B194-8726C8C226A7}.Debug|ARM.Build.0 = Debug|Any CPU
		{46466ACE-91F0-4792-B194-8726C8C226A7}.Debug|ARM.Deploy.0 = Debug|Any CPU
		{46466ACE-91F0-4792-B194-8726C8C226A7}.Debug|iPhone.ActiveCfg = Debug|Any CPU
		{46466ACE-91F0-4792-B194-8726C8C226A7}.Debug|iPhone.Build.0 = Debug|Any CPU
		{46466ACE-91F0-4792-B194-8726C8C226A7}.Debug|iPhone.Deploy.0 = Debug|Any CPU
		{46466ACE-91F0-4792-B194-8726C8C226A7}.Debug|iPhoneSimulator.ActiveCfg = Debug|Any CPU
		{46466ACE-91F0-4792-B194-8726C8C226A7}.Debug|iPhoneSimulator.Build.0 = Debug|Any CPU
		{46466ACE-91F0-4792-B194-8726C8C226A7}.Debug|iPhoneSimulator.Deploy.0 = Debug|Any CPU
		{46466ACE-91F0-4792-B194-8726C8C226A7}.Debug|x64.ActiveCfg = Debug|Any CPU
		{46466ACE-91F0-4792-B194-8726C8C226A7}.Debug|x64.Build.0 = Debug|Any CPU
		{46466ACE-91F0-4792-B194-8726C8C226A7}.Debug|x64.Deploy.0 = Debug|Any CPU
		{46466ACE-91F0-4792-B194-8726C8C226A7}.Debug|x86.ActiveCfg = Debug|Any CPU
		{46466ACE-91F0-4792-B194-8726C8C226A7}.Debug|x86.Build.0 = Debug|Any CPU
		{46466ACE-91F0-4792-B194-8726C8C226A7}.Debug|x86.Deploy.0 = Debug|Any CPU
		{46466ACE-91F0-4792-B194-8726C8C226A7}.Release|Any CPU.ActiveCfg = Release|Any CPU
		{46466ACE-91F0-4792-B194-8726C8C226A7}.Release|Any CPU.Build.0 = Release|Any CPU
		{46466ACE-91F0-4792-B194-8726C8C226A7}.Release|Any CPU.Deploy.0 = Release|Any CPU
		{46466ACE-91F0-4792-B194-8726C8C226A7}.Release|ARM.ActiveCfg = Release|Any CPU
		{46466ACE-91F0-4792-B194-8726C8C226A7}.Release|ARM.Build.0 = Release|Any CPU
		{46466ACE-91F0-4792-B194-8726C8C226A7}.Release|ARM.Deploy.0 = Release|Any CPU
		{46466ACE-91F0-4792-B194-8726C8C226A7}.Release|iPhone.ActiveCfg = Release|Any CPU
		{46466ACE-91F0-4792-B194-8726C8C226A7}.Release|iPhone.Build.0 = Release|Any CPU
		{46466ACE-91F0-4792-B194-8726C8C226A7}.Release|iPhone.Deploy.0 = Release|Any CPU
		{46466ACE-91F0-4792-B194-8726C8C226A7}.Release|iPhoneSimulator.ActiveCfg = Release|Any CPU
		{46466ACE-91F0-4792-B194-8726C8C226A7}.Release|iPhoneSimulator.Build.0 = Release|Any CPU
		{46466ACE-91F0-4792-B194-8726C8C226A7}.Release|iPhoneSimulator.Deploy.0 = Release|Any CPU
		{46466ACE-91F0-4792-B194-8726C8C226A7}.Release|x64.ActiveCfg = Release|Any CPU
		{46466ACE-91F0-4792-B194-8726C8C226A7}.Release|x64.Build.0 = Release|Any CPU
		{46466ACE-91F0-4792-B194-8726C8C226A7}.Release|x64.Deploy.0 = Release|Any CPU
		{46466ACE-91F0-4792-B194-8726C8C226A7}.Release|x86.ActiveCfg = Release|Any CPU
		{46466ACE-91F0-4792-B194-8726C8C226A7}.Release|x86.Build.0 = Release|Any CPU
		{46466ACE-91F0-4792-B194-8726C8C226A7}.Release|x86.Deploy.0 = Release|Any CPU
		{150466E9-1232-4BC5-B6C9-53249CCF5E95}.Ad-Hoc|Any CPU.ActiveCfg = Release|Any CPU
		{150466E9-1232-4BC5-B6C9-53249CCF5E95}.Ad-Hoc|Any CPU.Build.0 = Release|Any CPU
		{150466E9-1232-4BC5-B6C9-53249CCF5E95}.Ad-Hoc|ARM.ActiveCfg = Release|Any CPU
		{150466E9-1232-4BC5-B6C9-53249CCF5E95}.Ad-Hoc|ARM.Build.0 = Release|Any CPU
		{150466E9-1232-4BC5-B6C9-53249CCF5E95}.Ad-Hoc|iPhone.ActiveCfg = Release|Any CPU
		{150466E9-1232-4BC5-B6C9-53249CCF5E95}.Ad-Hoc|iPhone.Build.0 = Release|Any CPU
		{150466E9-1232-4BC5-B6C9-53249CCF5E95}.Ad-Hoc|iPhoneSimulator.ActiveCfg = Release|Any CPU
		{150466E9-1232-4BC5-B6C9-53249CCF5E95}.Ad-Hoc|iPhoneSimulator.Build.0 = Release|Any CPU
		{150466E9-1232-4BC5-B6C9-53249CCF5E95}.Ad-Hoc|x64.ActiveCfg = Release|Any CPU
		{150466E9-1232-4BC5-B6C9-53249CCF5E95}.Ad-Hoc|x64.Build.0 = Release|Any CPU
		{150466E9-1232-4BC5-B6C9-53249CCF5E95}.Ad-Hoc|x86.ActiveCfg = Release|Any CPU
		{150466E9-1232-4BC5-B6C9-53249CCF5E95}.Ad-Hoc|x86.Build.0 = Release|Any CPU
		{150466E9-1232-4BC5-B6C9-53249CCF5E95}.AppStore|Any CPU.ActiveCfg = Release|Any CPU
		{150466E9-1232-4BC5-B6C9-53249CCF5E95}.AppStore|Any CPU.Build.0 = Release|Any CPU
		{150466E9-1232-4BC5-B6C9-53249CCF5E95}.AppStore|ARM.ActiveCfg = Release|Any CPU
		{150466E9-1232-4BC5-B6C9-53249CCF5E95}.AppStore|ARM.Build.0 = Release|Any CPU
		{150466E9-1232-4BC5-B6C9-53249CCF5E95}.AppStore|iPhone.ActiveCfg = Release|Any CPU
		{150466E9-1232-4BC5-B6C9-53249CCF5E95}.AppStore|iPhone.Build.0 = Release|Any CPU
		{150466E9-1232-4BC5-B6C9-53249CCF5E95}.AppStore|iPhoneSimulator.ActiveCfg = Release|Any CPU
		{150466E9-1232-4BC5-B6C9-53249CCF5E95}.AppStore|iPhoneSimulator.Build.0 = Release|Any CPU
		{150466E9-1232-4BC5-B6C9-53249CCF5E95}.AppStore|x64.ActiveCfg = Release|Any CPU
		{150466E9-1232-4BC5-B6C9-53249CCF5E95}.AppStore|x64.Build.0 = Release|Any CPU
		{150466E9-1232-4BC5-B6C9-53249CCF5E95}.AppStore|x86.ActiveCfg = Release|Any CPU
		{150466E9-1232-4BC5-B6C9-53249CCF5E95}.AppStore|x86.Build.0 = Release|Any CPU
		{150466E9-1232-4BC5-B6C9-53249CCF5E95}.Debug|Any CPU.ActiveCfg = Debug|Any CPU
		{150466E9-1232-4BC5-B6C9-53249CCF5E95}.Debug|Any CPU.Build.0 = Debug|Any CPU
		{150466E9-1232-4BC5-B6C9-53249CCF5E95}.Debug|ARM.ActiveCfg = Debug|Any CPU
		{150466E9-1232-4BC5-B6C9-53249CCF5E95}.Debug|ARM.Build.0 = Debug|Any CPU
		{150466E9-1232-4BC5-B6C9-53249CCF5E95}.Debug|iPhone.ActiveCfg = Debug|Any CPU
		{150466E9-1232-4BC5-B6C9-53249CCF5E95}.Debug|iPhone.Build.0 = Debug|Any CPU
		{150466E9-1232-4BC5-B6C9-53249CCF5E95}.Debug|iPhoneSimulator.ActiveCfg = Debug|Any CPU
		{150466E9-1232-4BC5-B6C9-53249CCF5E95}.Debug|iPhoneSimulator.Build.0 = Debug|Any CPU
		{150466E9-1232-4BC5-B6C9-53249CCF5E95}.Debug|x64.ActiveCfg = Debug|Any CPU
		{150466E9-1232-4BC5-B6C9-53249CCF5E95}.Debug|x64.Build.0 = Debug|Any CPU
		{150466E9-1232-4BC5-B6C9-53249CCF5E95}.Debug|x86.ActiveCfg = Debug|Any CPU
		{150466E9-1232-4BC5-B6C9-53249CCF5E95}.Debug|x86.Build.0 = Debug|Any CPU
		{150466E9-1232-4BC5-B6C9-53249CCF5E95}.Release|Any CPU.ActiveCfg = Release|Any CPU
		{150466E9-1232-4BC5-B6C9-53249CCF5E95}.Release|Any CPU.Build.0 = Release|Any CPU
		{150466E9-1232-4BC5-B6C9-53249CCF5E95}.Release|ARM.ActiveCfg = Release|Any CPU
		{150466E9-1232-4BC5-B6C9-53249CCF5E95}.Release|ARM.Build.0 = Release|Any CPU
		{150466E9-1232-4BC5-B6C9-53249CCF5E95}.Release|iPhone.ActiveCfg = Release|Any CPU
		{150466E9-1232-4BC5-B6C9-53249CCF5E95}.Release|iPhone.Build.0 = Release|Any CPU
		{150466E9-1232-4BC5-B6C9-53249CCF5E95}.Release|iPhoneSimulator.ActiveCfg = Release|Any CPU
		{150466E9-1232-4BC5-B6C9-53249CCF5E95}.Release|iPhoneSimulator.Build.0 = Release|Any CPU
		{150466E9-1232-4BC5-B6C9-53249CCF5E95}.Release|x64.ActiveCfg = Release|Any CPU
		{150466E9-1232-4BC5-B6C9-53249CCF5E95}.Release|x64.Build.0 = Release|Any CPU
		{150466E9-1232-4BC5-B6C9-53249CCF5E95}.Release|x86.ActiveCfg = Release|Any CPU
		{150466E9-1232-4BC5-B6C9-53249CCF5E95}.Release|x86.Build.0 = Release|Any CPU
		{EEC0145A-87BC-4E09-A899-E80648DDC8AA}.Ad-Hoc|Any CPU.ActiveCfg = Release|x86
		{EEC0145A-87BC-4E09-A899-E80648DDC8AA}.Ad-Hoc|Any CPU.Build.0 = Release|x86
		{EEC0145A-87BC-4E09-A899-E80648DDC8AA}.Ad-Hoc|Any CPU.Deploy.0 = Release|x86
		{EEC0145A-87BC-4E09-A899-E80648DDC8AA}.Ad-Hoc|ARM.ActiveCfg = Release|ARM
		{EEC0145A-87BC-4E09-A899-E80648DDC8AA}.Ad-Hoc|ARM.Build.0 = Release|ARM
		{EEC0145A-87BC-4E09-A899-E80648DDC8AA}.Ad-Hoc|ARM.Deploy.0 = Release|ARM
		{EEC0145A-87BC-4E09-A899-E80648DDC8AA}.Ad-Hoc|iPhone.ActiveCfg = Release|x86
		{EEC0145A-87BC-4E09-A899-E80648DDC8AA}.Ad-Hoc|iPhone.Build.0 = Release|x86
		{EEC0145A-87BC-4E09-A899-E80648DDC8AA}.Ad-Hoc|iPhone.Deploy.0 = Release|x86
		{EEC0145A-87BC-4E09-A899-E80648DDC8AA}.Ad-Hoc|iPhoneSimulator.ActiveCfg = Release|x86
		{EEC0145A-87BC-4E09-A899-E80648DDC8AA}.Ad-Hoc|iPhoneSimulator.Build.0 = Release|x86
		{EEC0145A-87BC-4E09-A899-E80648DDC8AA}.Ad-Hoc|iPhoneSimulator.Deploy.0 = Release|x86
		{EEC0145A-87BC-4E09-A899-E80648DDC8AA}.Ad-Hoc|x64.ActiveCfg = Release|x64
		{EEC0145A-87BC-4E09-A899-E80648DDC8AA}.Ad-Hoc|x64.Build.0 = Release|x64
		{EEC0145A-87BC-4E09-A899-E80648DDC8AA}.Ad-Hoc|x64.Deploy.0 = Release|x64
		{EEC0145A-87BC-4E09-A899-E80648DDC8AA}.Ad-Hoc|x86.ActiveCfg = Release|x86
		{EEC0145A-87BC-4E09-A899-E80648DDC8AA}.Ad-Hoc|x86.Build.0 = Release|x86
		{EEC0145A-87BC-4E09-A899-E80648DDC8AA}.Ad-Hoc|x86.Deploy.0 = Release|x86
		{EEC0145A-87BC-4E09-A899-E80648DDC8AA}.AppStore|Any CPU.ActiveCfg = Release|x86
		{EEC0145A-87BC-4E09-A899-E80648DDC8AA}.AppStore|Any CPU.Build.0 = Release|x86
		{EEC0145A-87BC-4E09-A899-E80648DDC8AA}.AppStore|Any CPU.Deploy.0 = Release|x86
		{EEC0145A-87BC-4E09-A899-E80648DDC8AA}.AppStore|ARM.ActiveCfg = Release|ARM
		{EEC0145A-87BC-4E09-A899-E80648DDC8AA}.AppStore|ARM.Build.0 = Release|ARM
		{EEC0145A-87BC-4E09-A899-E80648DDC8AA}.AppStore|ARM.Deploy.0 = Release|ARM
		{EEC0145A-87BC-4E09-A899-E80648DDC8AA}.AppStore|iPhone.ActiveCfg = Release|x86
		{EEC0145A-87BC-4E09-A899-E80648DDC8AA}.AppStore|iPhone.Build.0 = Release|x86
		{EEC0145A-87BC-4E09-A899-E80648DDC8AA}.AppStore|iPhone.Deploy.0 = Release|x86
		{EEC0145A-87BC-4E09-A899-E80648DDC8AA}.AppStore|iPhoneSimulator.ActiveCfg = Release|x86
		{EEC0145A-87BC-4E09-A899-E80648DDC8AA}.AppStore|iPhoneSimulator.Build.0 = Release|x86
		{EEC0145A-87BC-4E09-A899-E80648DDC8AA}.AppStore|iPhoneSimulator.Deploy.0 = Release|x86
		{EEC0145A-87BC-4E09-A899-E80648DDC8AA}.AppStore|x64.ActiveCfg = Release|x64
		{EEC0145A-87BC-4E09-A899-E80648DDC8AA}.AppStore|x64.Build.0 = Release|x64
		{EEC0145A-87BC-4E09-A899-E80648DDC8AA}.AppStore|x64.Deploy.0 = Release|x64
		{EEC0145A-87BC-4E09-A899-E80648DDC8AA}.AppStore|x86.ActiveCfg = Release|x86
		{EEC0145A-87BC-4E09-A899-E80648DDC8AA}.AppStore|x86.Build.0 = Release|x86
		{EEC0145A-87BC-4E09-A899-E80648DDC8AA}.AppStore|x86.Deploy.0 = Release|x86
		{EEC0145A-87BC-4E09-A899-E80648DDC8AA}.Debug|Any CPU.ActiveCfg = Debug|x86
		{EEC0145A-87BC-4E09-A899-E80648DDC8AA}.Debug|ARM.ActiveCfg = Debug|ARM
		{EEC0145A-87BC-4E09-A899-E80648DDC8AA}.Debug|ARM.Build.0 = Debug|ARM
		{EEC0145A-87BC-4E09-A899-E80648DDC8AA}.Debug|ARM.Deploy.0 = Debug|ARM
		{EEC0145A-87BC-4E09-A899-E80648DDC8AA}.Debug|iPhone.ActiveCfg = Debug|x86
		{EEC0145A-87BC-4E09-A899-E80648DDC8AA}.Debug|iPhoneSimulator.ActiveCfg = Debug|x86
		{EEC0145A-87BC-4E09-A899-E80648DDC8AA}.Debug|x64.ActiveCfg = Debug|x64
		{EEC0145A-87BC-4E09-A899-E80648DDC8AA}.Debug|x64.Build.0 = Debug|x64
		{EEC0145A-87BC-4E09-A899-E80648DDC8AA}.Debug|x64.Deploy.0 = Debug|x64
		{EEC0145A-87BC-4E09-A899-E80648DDC8AA}.Debug|x86.ActiveCfg = Debug|x86
		{EEC0145A-87BC-4E09-A899-E80648DDC8AA}.Debug|x86.Build.0 = Debug|x86
		{EEC0145A-87BC-4E09-A899-E80648DDC8AA}.Debug|x86.Deploy.0 = Debug|x86
		{EEC0145A-87BC-4E09-A899-E80648DDC8AA}.Release|Any CPU.ActiveCfg = Release|x86
		{EEC0145A-87BC-4E09-A899-E80648DDC8AA}.Release|ARM.ActiveCfg = Release|ARM
		{EEC0145A-87BC-4E09-A899-E80648DDC8AA}.Release|ARM.Build.0 = Release|ARM
		{EEC0145A-87BC-4E09-A899-E80648DDC8AA}.Release|ARM.Deploy.0 = Release|ARM
		{EEC0145A-87BC-4E09-A899-E80648DDC8AA}.Release|iPhone.ActiveCfg = Release|x86
		{EEC0145A-87BC-4E09-A899-E80648DDC8AA}.Release|iPhoneSimulator.ActiveCfg = Release|x86
		{EEC0145A-87BC-4E09-A899-E80648DDC8AA}.Release|x64.ActiveCfg = Release|x64
		{EEC0145A-87BC-4E09-A899-E80648DDC8AA}.Release|x64.Build.0 = Release|x64
		{EEC0145A-87BC-4E09-A899-E80648DDC8AA}.Release|x64.Deploy.0 = Release|x64
		{EEC0145A-87BC-4E09-A899-E80648DDC8AA}.Release|x86.ActiveCfg = Release|x86
		{EEC0145A-87BC-4E09-A899-E80648DDC8AA}.Release|x86.Build.0 = Release|x86
		{EEC0145A-87BC-4E09-A899-E80648DDC8AA}.Release|x86.Deploy.0 = Release|x86
		{7B7FAB19-057B-416B-AA07-8E303133028D}.Ad-Hoc|Any CPU.ActiveCfg = Ad-Hoc|iPhoneSimulator
		{7B7FAB19-057B-416B-AA07-8E303133028D}.Ad-Hoc|ARM.ActiveCfg = Ad-Hoc|iPhone
		{7B7FAB19-057B-416B-AA07-8E303133028D}.Ad-Hoc|iPhone.ActiveCfg = Ad-Hoc|iPhone
		{7B7FAB19-057B-416B-AA07-8E303133028D}.Ad-Hoc|iPhone.Build.0 = Ad-Hoc|iPhone
		{7B7FAB19-057B-416B-AA07-8E303133028D}.Ad-Hoc|iPhoneSimulator.ActiveCfg = Ad-Hoc|iPhoneSimulator
		{7B7FAB19-057B-416B-AA07-8E303133028D}.Ad-Hoc|iPhoneSimulator.Build.0 = Ad-Hoc|iPhoneSimulator
		{7B7FAB19-057B-416B-AA07-8E303133028D}.Ad-Hoc|x64.ActiveCfg = Ad-Hoc|iPhone
		{7B7FAB19-057B-416B-AA07-8E303133028D}.Ad-Hoc|x86.ActiveCfg = Ad-Hoc|iPhone
		{7B7FAB19-057B-416B-AA07-8E303133028D}.AppStore|Any CPU.ActiveCfg = AppStore|iPhoneSimulator
		{7B7FAB19-057B-416B-AA07-8E303133028D}.AppStore|ARM.ActiveCfg = AppStore|iPhone
		{7B7FAB19-057B-416B-AA07-8E303133028D}.AppStore|iPhone.ActiveCfg = AppStore|iPhone
		{7B7FAB19-057B-416B-AA07-8E303133028D}.AppStore|iPhone.Build.0 = AppStore|iPhone
		{7B7FAB19-057B-416B-AA07-8E303133028D}.AppStore|iPhoneSimulator.ActiveCfg = AppStore|iPhoneSimulator
		{7B7FAB19-057B-416B-AA07-8E303133028D}.AppStore|iPhoneSimulator.Build.0 = AppStore|iPhoneSimulator
		{7B7FAB19-057B-416B-AA07-8E303133028D}.AppStore|x64.ActiveCfg = AppStore|iPhone
		{7B7FAB19-057B-416B-AA07-8E303133028D}.AppStore|x86.ActiveCfg = AppStore|iPhone
		{7B7FAB19-057B-416B-AA07-8E303133028D}.Debug|Any CPU.ActiveCfg = Debug|iPhoneSimulator
		{7B7FAB19-057B-416B-AA07-8E303133028D}.Debug|ARM.ActiveCfg = Debug|iPhone
		{7B7FAB19-057B-416B-AA07-8E303133028D}.Debug|iPhone.ActiveCfg = Debug|iPhone
		{7B7FAB19-057B-416B-AA07-8E303133028D}.Debug|iPhone.Build.0 = Debug|iPhone
		{7B7FAB19-057B-416B-AA07-8E303133028D}.Debug|iPhoneSimulator.ActiveCfg = Debug|iPhoneSimulator
		{7B7FAB19-057B-416B-AA07-8E303133028D}.Debug|iPhoneSimulator.Build.0 = Debug|iPhoneSimulator
		{7B7FAB19-057B-416B-AA07-8E303133028D}.Debug|x64.ActiveCfg = Debug|iPhone
		{7B7FAB19-057B-416B-AA07-8E303133028D}.Debug|x86.ActiveCfg = Debug|iPhone
		{7B7FAB19-057B-416B-AA07-8E303133028D}.Release|Any CPU.ActiveCfg = Release|iPhoneSimulator
		{7B7FAB19-057B-416B-AA07-8E303133028D}.Release|ARM.ActiveCfg = Release|iPhone
		{7B7FAB19-057B-416B-AA07-8E303133028D}.Release|iPhone.ActiveCfg = Release|iPhone
		{7B7FAB19-057B-416B-AA07-8E303133028D}.Release|iPhone.Build.0 = Release|iPhone
		{7B7FAB19-057B-416B-AA07-8E303133028D}.Release|iPhoneSimulator.ActiveCfg = Release|iPhoneSimulator
		{7B7FAB19-057B-416B-AA07-8E303133028D}.Release|iPhoneSimulator.Build.0 = Release|iPhoneSimulator
		{7B7FAB19-057B-416B-AA07-8E303133028D}.Release|x64.ActiveCfg = Release|iPhone
		{7B7FAB19-057B-416B-AA07-8E303133028D}.Release|x86.ActiveCfg = Release|iPhone
	EndGlobalSection
	GlobalSection(SolutionProperties) = preSolution
		HideSolutionNode = FALSE
	EndGlobalSection
	GlobalSection(ExtensibilityGlobals) = postSolution
		SolutionGuid = {6EAA9117-1D27-40C2-8CCC-4771064B53C7}
	EndGlobalSection
EndGlobal
