
Microsoft Visual Studio Solution File, Format Version 12.00
# Visual Studio 15
VisualStudioVersion = 15.0.27004.2009
MinimumVisualStudioVersion = 10.0.40219.1
Project("{FAE04EC0-301F-11D3-BF4B-00C04F79EFBC}") = "MCup.Android", "MCup\MCup.Android\MCup.Android.csproj", "{53800833-143D-42CD-B4E3-41905EE2102F}"
EndProject
Project("{FAE04EC0-301F-11D3-BF4B-00C04F79EFBC}") = "MCup", "MCup\MCup\MCup.csproj", "{888FE798-E1C2-4187-9725-4529FE86894E}"
EndProject
Project("{FAE04EC0-301F-11D3-BF4B-00C04F79EFBC}") = "MCup.iOS", "MCup\MCup.iOS\MCup.iOS.csproj", "{71954C38-E07E-4293-8315-A00EB4207EFC}"
EndProject
Global
	GlobalSection(SolutionConfigurationPlatforms) = preSolution
		Ad-Hoc|Any CPU = Ad-Hoc|Any CPU
		Ad-Hoc|ARM = Ad-Hoc|ARM
		Ad-Hoc|iPhone = Ad-Hoc|iPhone
		Ad-Hoc|iPhoneSimulator = Ad-Hoc|iPhoneSimulator
		Ad-Hoc|x64 = Ad-Hoc|x64
		Ad-Hoc|x86 = Ad-Hoc|x86
		AppStore|Any CPU = AppStore|Any CPU
		AppStore|ARM = AppStore|ARM
		AppStore|iPhone = AppStore|iPhone
		AppStore|iPhoneSimulator = AppStore|iPhoneSimulator
		AppStore|x64 = AppStore|x64
		AppStore|x86 = AppStore|x86
		Debug|Any CPU = Debug|Any CPU
		Debug|ARM = Debug|ARM
		Debug|iPhone = Debug|iPhone
		Debug|iPhoneSimulator = Debug|iPhoneSimulator
		Debug|x64 = Debug|x64
		Debug|x86 = Debug|x86
		Release|Any CPU = Release|Any CPU
		Release|ARM = Release|ARM
		Release|iPhone = Release|iPhone
		Release|iPhoneSimulator = Release|iPhoneSimulator
		Release|x64 = Release|x64
		Release|x86 = Release|x86
	EndGlobalSection
	GlobalSection(ProjectConfigurationPlatforms) = postSolution
		{53800833-143D-42CD-B4E3-41905EE2102F}.Ad-Hoc|Any CPU.ActiveCfg = Release|Any CPU
		{53800833-143D-42CD-B4E3-41905EE2102F}.Ad-Hoc|Any CPU.Build.0 = Release|Any CPU
		{53800833-143D-42CD-B4E3-41905EE2102F}.Ad-Hoc|Any CPU.Deploy.0 = Release|Any CPU
		{53800833-143D-42CD-B4E3-41905EE2102F}.Ad-Hoc|ARM.ActiveCfg = Release|Any CPU
		{53800833-143D-42CD-B4E3-41905EE2102F}.Ad-Hoc|ARM.Build.0 = Release|Any CPU
		{53800833-143D-42CD-B4E3-41905EE2102F}.Ad-Hoc|ARM.Deploy.0 = Release|Any CPU
		{53800833-143D-42CD-B4E3-41905EE2102F}.Ad-Hoc|iPhone.ActiveCfg = Release|Any CPU
		{53800833-143D-42CD-B4E3-41905EE2102F}.Ad-Hoc|iPhone.Build.0 = Release|Any CPU
		{53800833-143D-42CD-B4E3-41905EE2102F}.Ad-Hoc|iPhone.Deploy.0 = Release|Any CPU
		{53800833-143D-42CD-B4E3-41905EE2102F}.Ad-Hoc|iPhoneSimulator.ActiveCfg = Release|Any CPU
		{53800833-143D-42CD-B4E3-41905EE2102F}.Ad-Hoc|iPhoneSimulator.Build.0 = Release|Any CPU
		{53800833-143D-42CD-B4E3-41905EE2102F}.Ad-Hoc|iPhoneSimulator.Deploy.0 = Release|Any CPU
		{53800833-143D-42CD-B4E3-41905EE2102F}.Ad-Hoc|x64.ActiveCfg = Release|Any CPU
		{53800833-143D-42CD-B4E3-41905EE2102F}.Ad-Hoc|x64.Build.0 = Release|Any CPU
		{53800833-143D-42CD-B4E3-41905EE2102F}.Ad-Hoc|x64.Deploy.0 = Release|Any CPU
		{53800833-143D-42CD-B4E3-41905EE2102F}.Ad-Hoc|x86.ActiveCfg = Release|Any CPU
		{53800833-143D-42CD-B4E3-41905EE2102F}.Ad-Hoc|x86.Build.0 = Release|Any CPU
		{53800833-143D-42CD-B4E3-41905EE2102F}.Ad-Hoc|x86.Deploy.0 = Release|Any CPU
		{53800833-143D-42CD-B4E3-41905EE2102F}.AppStore|Any CPU.ActiveCfg = Release|Any CPU
		{53800833-143D-42CD-B4E3-41905EE2102F}.AppStore|Any CPU.Build.0 = Release|Any CPU
		{53800833-143D-42CD-B4E3-41905EE2102F}.AppStore|Any CPU.Deploy.0 = Release|Any CPU
		{53800833-143D-42CD-B4E3-41905EE2102F}.AppStore|ARM.ActiveCfg = Release|Any CPU
		{53800833-143D-42CD-B4E3-41905EE2102F}.AppStore|ARM.Build.0 = Release|Any CPU
		{53800833-143D-42CD-B4E3-41905EE2102F}.AppStore|ARM.Deploy.0 = Release|Any CPU
		{53800833-143D-42CD-B4E3-41905EE2102F}.AppStore|iPhone.ActiveCfg = Release|Any CPU
		{53800833-143D-42CD-B4E3-41905EE2102F}.AppStore|iPhone.Build.0 = Release|Any CPU
		{53800833-143D-42CD-B4E3-41905EE2102F}.AppStore|iPhone.Deploy.0 = Release|Any CPU
		{53800833-143D-42CD-B4E3-41905EE2102F}.AppStore|iPhoneSimulator.ActiveCfg = Release|Any CPU
		{53800833-143D-42CD-B4E3-41905EE2102F}.AppStore|iPhoneSimulator.Build.0 = Release|Any CPU
		{53800833-143D-42CD-B4E3-41905EE2102F}.AppStore|iPhoneSimulator.Deploy.0 = Release|Any CPU
		{53800833-143D-42CD-B4E3-41905EE2102F}.AppStore|x64.ActiveCfg = Release|Any CPU
		{53800833-143D-42CD-B4E3-41905EE2102F}.AppStore|x64.Build.0 = Release|Any CPU
		{53800833-143D-42CD-B4E3-41905EE2102F}.AppStore|x64.Deploy.0 = Release|Any CPU
		{53800833-143D-42CD-B4E3-41905EE2102F}.AppStore|x86.ActiveCfg = Release|Any CPU
		{53800833-143D-42CD-B4E3-41905EE2102F}.AppStore|x86.Build.0 = Release|Any CPU
		{53800833-143D-42CD-B4E3-41905EE2102F}.AppStore|x86.Deploy.0 = Release|Any CPU
		{53800833-143D-42CD-B4E3-41905EE2102F}.Debug|Any CPU.ActiveCfg = Debug|Any CPU
		{53800833-143D-42CD-B4E3-41905EE2102F}.Debug|Any CPU.Build.0 = Debug|Any CPU
		{53800833-143D-42CD-B4E3-41905EE2102F}.Debug|Any CPU.Deploy.0 = Debug|Any CPU
		{53800833-143D-42CD-B4E3-41905EE2102F}.Debug|ARM.ActiveCfg = Debug|Any CPU
		{53800833-143D-42CD-B4E3-41905EE2102F}.Debug|ARM.Build.0 = Debug|Any CPU
		{53800833-143D-42CD-B4E3-41905EE2102F}.Debug|ARM.Deploy.0 = Debug|Any CPU
		{53800833-143D-42CD-B4E3-41905EE2102F}.Debug|iPhone.ActiveCfg = Debug|Any CPU
		{53800833-143D-42CD-B4E3-41905EE2102F}.Debug|iPhone.Build.0 = Debug|Any CPU
		{53800833-143D-42CD-B4E3-41905EE2102F}.Debug|iPhone.Deploy.0 = Debug|Any CPU
		{53800833-143D-42CD-B4E3-41905EE2102F}.Debug|iPhoneSimulator.ActiveCfg = Debug|Any CPU
		{53800833-143D-42CD-B4E3-41905EE2102F}.Debug|iPhoneSimulator.Build.0 = Debug|Any CPU
		{53800833-143D-42CD-B4E3-41905EE2102F}.Debug|iPhoneSimulator.Deploy.0 = Debug|Any CPU
		{53800833-143D-42CD-B4E3-41905EE2102F}.Debug|x64.ActiveCfg = Debug|Any CPU
		{53800833-143D-42CD-B4E3-41905EE2102F}.Debug|x64.Build.0 = Debug|Any CPU
		{53800833-143D-42CD-B4E3-41905EE2102F}.Debug|x64.Deploy.0 = Debug|Any CPU
		{53800833-143D-42CD-B4E3-41905EE2102F}.Debug|x86.ActiveCfg = Debug|Any CPU
		{53800833-143D-42CD-B4E3-41905EE2102F}.Debug|x86.Build.0 = Debug|Any CPU
		{53800833-143D-42CD-B4E3-41905EE2102F}.Debug|x86.Deploy.0 = Debug|Any CPU
		{53800833-143D-42CD-B4E3-41905EE2102F}.Release|Any CPU.ActiveCfg = Release|Any CPU
		{53800833-143D-42CD-B4E3-41905EE2102F}.Release|Any CPU.Build.0 = Release|Any CPU
		{53800833-143D-42CD-B4E3-41905EE2102F}.Release|Any CPU.Deploy.0 = Release|Any CPU
		{53800833-143D-42CD-B4E3-41905EE2102F}.Release|ARM.ActiveCfg = Release|Any CPU
		{53800833-143D-42CD-B4E3-41905EE2102F}.Release|ARM.Build.0 = Release|Any CPU
		{53800833-143D-42CD-B4E3-41905EE2102F}.Release|ARM.Deploy.0 = Release|Any CPU
		{53800833-143D-42CD-B4E3-41905EE2102F}.Release|iPhone.ActiveCfg = Release|Any CPU
		{53800833-143D-42CD-B4E3-41905EE2102F}.Release|iPhone.Build.0 = Release|Any CPU
		{53800833-143D-42CD-B4E3-41905EE2102F}.Release|iPhone.Deploy.0 = Release|Any CPU
		{53800833-143D-42CD-B4E3-41905EE2102F}.Release|iPhoneSimulator.ActiveCfg = Release|Any CPU
		{53800833-143D-42CD-B4E3-41905EE2102F}.Release|iPhoneSimulator.Build.0 = Release|Any CPU
		{53800833-143D-42CD-B4E3-41905EE2102F}.Release|iPhoneSimulator.Deploy.0 = Release|Any CPU
		{53800833-143D-42CD-B4E3-41905EE2102F}.Release|x64.ActiveCfg = Release|Any CPU
		{53800833-143D-42CD-B4E3-41905EE2102F}.Release|x64.Build.0 = Release|Any CPU
		{53800833-143D-42CD-B4E3-41905EE2102F}.Release|x64.Deploy.0 = Release|Any CPU
		{53800833-143D-42CD-B4E3-41905EE2102F}.Release|x86.ActiveCfg = Release|Any CPU
		{53800833-143D-42CD-B4E3-41905EE2102F}.Release|x86.Build.0 = Release|Any CPU
		{53800833-143D-42CD-B4E3-41905EE2102F}.Release|x86.Deploy.0 = Release|Any CPU
		{888FE798-E1C2-4187-9725-4529FE86894E}.Ad-Hoc|Any CPU.ActiveCfg = Release|Any CPU
		{888FE798-E1C2-4187-9725-4529FE86894E}.Ad-Hoc|Any CPU.Build.0 = Release|Any CPU
		{888FE798-E1C2-4187-9725-4529FE86894E}.Ad-Hoc|ARM.ActiveCfg = Release|Any CPU
		{888FE798-E1C2-4187-9725-4529FE86894E}.Ad-Hoc|ARM.Build.0 = Release|Any CPU
		{888FE798-E1C2-4187-9725-4529FE86894E}.Ad-Hoc|iPhone.ActiveCfg = Release|Any CPU
		{888FE798-E1C2-4187-9725-4529FE86894E}.Ad-Hoc|iPhone.Build.0 = Release|Any CPU
		{888FE798-E1C2-4187-9725-4529FE86894E}.Ad-Hoc|iPhoneSimulator.ActiveCfg = Release|Any CPU
		{888FE798-E1C2-4187-9725-4529FE86894E}.Ad-Hoc|iPhoneSimulator.Build.0 = Release|Any CPU
		{888FE798-E1C2-4187-9725-4529FE86894E}.Ad-Hoc|x64.ActiveCfg = Release|Any CPU
		{888FE798-E1C2-4187-9725-4529FE86894E}.Ad-Hoc|x64.Build.0 = Release|Any CPU
		{888FE798-E1C2-4187-9725-4529FE86894E}.Ad-Hoc|x86.ActiveCfg = Release|Any CPU
		{888FE798-E1C2-4187-9725-4529FE86894E}.Ad-Hoc|x86.Build.0 = Release|Any CPU
		{888FE798-E1C2-4187-9725-4529FE86894E}.AppStore|Any CPU.ActiveCfg = Release|Any CPU
		{888FE798-E1C2-4187-9725-4529FE86894E}.AppStore|Any CPU.Build.0 = Release|Any CPU
		{888FE798-E1C2-4187-9725-4529FE86894E}.AppStore|ARM.ActiveCfg = Release|Any CPU
		{888FE798-E1C2-4187-9725-4529FE86894E}.AppStore|ARM.Build.0 = Release|Any CPU
		{888FE798-E1C2-4187-9725-4529FE86894E}.AppStore|iPhone.ActiveCfg = Release|Any CPU
		{888FE798-E1C2-4187-9725-4529FE86894E}.AppStore|iPhone.Build.0 = Release|Any CPU
		{888FE798-E1C2-4187-9725-4529FE86894E}.AppStore|iPhoneSimulator.ActiveCfg = Release|Any CPU
		{888FE798-E1C2-4187-9725-4529FE86894E}.AppStore|iPhoneSimulator.Build.0 = Release|Any CPU
		{888FE798-E1C2-4187-9725-4529FE86894E}.AppStore|x64.ActiveCfg = Release|Any CPU
		{888FE798-E1C2-4187-9725-4529FE86894E}.AppStore|x64.Build.0 = Release|Any CPU
		{888FE798-E1C2-4187-9725-4529FE86894E}.AppStore|x86.ActiveCfg = Release|Any CPU
		{888FE798-E1C2-4187-9725-4529FE86894E}.AppStore|x86.Build.0 = Release|Any CPU
		{888FE798-E1C2-4187-9725-4529FE86894E}.Debug|Any CPU.ActiveCfg = Debug|Any CPU
		{888FE798-E1C2-4187-9725-4529FE86894E}.Debug|Any CPU.Build.0 = Debug|Any CPU
		{888FE798-E1C2-4187-9725-4529FE86894E}.Debug|ARM.ActiveCfg = Debug|Any CPU
		{888FE798-E1C2-4187-9725-4529FE86894E}.Debug|ARM.Build.0 = Debug|Any CPU
		{888FE798-E1C2-4187-9725-4529FE86894E}.Debug|iPhone.ActiveCfg = Debug|Any CPU
		{888FE798-E1C2-4187-9725-4529FE86894E}.Debug|iPhone.Build.0 = Debug|Any CPU
		{888FE798-E1C2-4187-9725-4529FE86894E}.Debug|iPhoneSimulator.ActiveCfg = Debug|Any CPU
		{888FE798-E1C2-4187-9725-4529FE86894E}.Debug|iPhoneSimulator.Build.0 = Debug|Any CPU
		{888FE798-E1C2-4187-9725-4529FE86894E}.Debug|x64.ActiveCfg = Debug|Any CPU
		{888FE798-E1C2-4187-9725-4529FE86894E}.Debug|x64.Build.0 = Debug|Any CPU
		{888FE798-E1C2-4187-9725-4529FE86894E}.Debug|x86.ActiveCfg = Debug|Any CPU
		{888FE798-E1C2-4187-9725-4529FE86894E}.Debug|x86.Build.0 = Debug|Any CPU
		{888FE798-E1C2-4187-9725-4529FE86894E}.Release|Any CPU.ActiveCfg = Release|Any CPU
		{888FE798-E1C2-4187-9725-4529FE86894E}.Release|Any CPU.Build.0 = Release|Any CPU
		{888FE798-E1C2-4187-9725-4529FE86894E}.Release|ARM.ActiveCfg = Release|Any CPU
		{888FE798-E1C2-4187-9725-4529FE86894E}.Release|ARM.Build.0 = Release|Any CPU
		{888FE798-E1C2-4187-9725-4529FE86894E}.Release|iPhone.ActiveCfg = Release|Any CPU
		{888FE798-E1C2-4187-9725-4529FE86894E}.Release|iPhone.Build.0 = Release|Any CPU
		{888FE798-E1C2-4187-9725-4529FE86894E}.Release|iPhoneSimulator.ActiveCfg = Release|Any CPU
		{888FE798-E1C2-4187-9725-4529FE86894E}.Release|iPhoneSimulator.Build.0 = Release|Any CPU
		{888FE798-E1C2-4187-9725-4529FE86894E}.Release|x64.ActiveCfg = Release|Any CPU
		{888FE798-E1C2-4187-9725-4529FE86894E}.Release|x64.Build.0 = Release|Any CPU
		{888FE798-E1C2-4187-9725-4529FE86894E}.Release|x86.ActiveCfg = Release|Any CPU
		{888FE798-E1C2-4187-9725-4529FE86894E}.Release|x86.Build.0 = Release|Any CPU
		{71954C38-E07E-4293-8315-A00EB4207EFC}.Ad-Hoc|Any CPU.ActiveCfg = Ad-Hoc|iPhoneSimulator
		{71954C38-E07E-4293-8315-A00EB4207EFC}.Ad-Hoc|ARM.ActiveCfg = Ad-Hoc|iPhone
		{71954C38-E07E-4293-8315-A00EB4207EFC}.Ad-Hoc|iPhone.ActiveCfg = Ad-Hoc|iPhone
		{71954C38-E07E-4293-8315-A00EB4207EFC}.Ad-Hoc|iPhone.Build.0 = Ad-Hoc|iPhone
		{71954C38-E07E-4293-8315-A00EB4207EFC}.Ad-Hoc|iPhoneSimulator.ActiveCfg = Ad-Hoc|iPhoneSimulator
		{71954C38-E07E-4293-8315-A00EB4207EFC}.Ad-Hoc|iPhoneSimulator.Build.0 = Ad-Hoc|iPhoneSimulator
		{71954C38-E07E-4293-8315-A00EB4207EFC}.Ad-Hoc|x64.ActiveCfg = Ad-Hoc|iPhone
		{71954C38-E07E-4293-8315-A00EB4207EFC}.Ad-Hoc|x86.ActiveCfg = Ad-Hoc|iPhone
		{71954C38-E07E-4293-8315-A00EB4207EFC}.AppStore|Any CPU.ActiveCfg = AppStore|iPhoneSimulator
		{71954C38-E07E-4293-8315-A00EB4207EFC}.AppStore|ARM.ActiveCfg = AppStore|iPhone
		{71954C38-E07E-4293-8315-A00EB4207EFC}.AppStore|iPhone.ActiveCfg = AppStore|iPhone
		{71954C38-E07E-4293-8315-A00EB4207EFC}.AppStore|iPhone.Build.0 = AppStore|iPhone
		{71954C38-E07E-4293-8315-A00EB4207EFC}.AppStore|iPhoneSimulator.ActiveCfg = AppStore|iPhoneSimulator
		{71954C38-E07E-4293-8315-A00EB4207EFC}.AppStore|iPhoneSimulator.Build.0 = AppStore|iPhoneSimulator
		{71954C38-E07E-4293-8315-A00EB4207EFC}.AppStore|x64.ActiveCfg = AppStore|iPhone
		{71954C38-E07E-4293-8315-A00EB4207EFC}.AppStore|x86.ActiveCfg = AppStore|iPhone
		{71954C38-E07E-4293-8315-A00EB4207EFC}.Debug|Any CPU.ActiveCfg = Debug|iPhoneSimulator
		{71954C38-E07E-4293-8315-A00EB4207EFC}.Debug|ARM.ActiveCfg = Debug|iPhone
		{71954C38-E07E-4293-8315-A00EB4207EFC}.Debug|iPhone.ActiveCfg = Debug|iPhone
		{71954C38-E07E-4293-8315-A00EB4207EFC}.Debug|iPhone.Build.0 = Debug|iPhone
		{71954C38-E07E-4293-8315-A00EB4207EFC}.Debug|iPhoneSimulator.ActiveCfg = Debug|iPhoneSimulator
		{71954C38-E07E-4293-8315-A00EB4207EFC}.Debug|iPhoneSimulator.Build.0 = Debug|iPhoneSimulator
		{71954C38-E07E-4293-8315-A00EB4207EFC}.Debug|x64.ActiveCfg = Debug|iPhone
		{71954C38-E07E-4293-8315-A00EB4207EFC}.Debug|x86.ActiveCfg = Debug|iPhone
		{71954C38-E07E-4293-8315-A00EB4207EFC}.Release|Any CPU.ActiveCfg = Release|iPhoneSimulator
		{71954C38-E07E-4293-8315-A00EB4207EFC}.Release|ARM.ActiveCfg = Release|iPhone
		{71954C38-E07E-4293-8315-A00EB4207EFC}.Release|iPhone.ActiveCfg = Release|iPhone
		{71954C38-E07E-4293-8315-A00EB4207EFC}.Release|iPhone.Build.0 = Release|iPhone
		{71954C38-E07E-4293-8315-A00EB4207EFC}.Release|iPhoneSimulator.ActiveCfg = Release|iPhoneSimulator
		{71954C38-E07E-4293-8315-A00EB4207EFC}.Release|iPhoneSimulator.Build.0 = Release|iPhoneSimulator
		{71954C38-E07E-4293-8315-A00EB4207EFC}.Release|x64.ActiveCfg = Release|iPhone
		{71954C38-E07E-4293-8315-A00EB4207EFC}.Release|x86.ActiveCfg = Release|iPhone
	EndGlobalSection
	GlobalSection(SolutionProperties) = preSolution
		HideSolutionNode = FALSE
	EndGlobalSection
	GlobalSection(ExtensibilityGlobals) = postSolution
		SolutionGuid = {D3E6C060-B75A-4B86-9085-C223BEF31EAC}
	EndGlobalSection
EndGlobal
